// !$*UTF8*$!
{
	archiveVersion = 1;
	classes = {
	};
	objectVersion = 56;
	objects = {

/* Begin PBXBuildFile section */
		8CCCDBD22ED37235303BE79E /* Pods_PetFinderProject.framework in Frameworks */ = {isa = PBXBuildFile; fileRef = BC40CD332ED51B5E9742E033 /* Pods_PetFinderProject.framework */; };
		BB31A3F429A7A22C006FA3E4 /* AnimalViewModel.swift in Sources */ = {isa = PBXBuildFile; fileRef = BB31A3F329A7A22B006FA3E4 /* AnimalViewModel.swift */; };
		BB65BD7929A6053C0063C858 /* HomeScreen.storyboard in Resources */ = {isa = PBXBuildFile; fileRef = BB65BD7829A6053C0063C858 /* HomeScreen.storyboard */; };
		BB65BD7B29A620670063C858 /* Helpers.swift in Sources */ = {isa = PBXBuildFile; fileRef = BB65BD7A29A620670063C858 /* Helpers.swift */; };
		BB65BD7D29A659DF0063C858 /* PetsFilterPresenter.swift in Sources */ = {isa = PBXBuildFile; fileRef = BB65BD7C29A659DF0063C858 /* PetsFilterPresenter.swift */; };
		BB65BD8129A65E2B0063C858 /* FilterCell.swift in Sources */ = {isa = PBXBuildFile; fileRef = BB65BD7F29A65E2B0063C858 /* FilterCell.swift */; };
		BB65BD8229A65E2B0063C858 /* FilterCell.xib in Resources */ = {isa = PBXBuildFile; fileRef = BB65BD8029A65E2B0063C858 /* FilterCell.xib */; };
		BB8712C129A77F7B00A339B1 /* PetsListPresenter.swift in Sources */ = {isa = PBXBuildFile; fileRef = BB8712C029A77F7B00A339B1 /* PetsListPresenter.swift */; };
		BB8712C329A77F8C00A339B1 /* PetsListInteractor.swift in Sources */ = {isa = PBXBuildFile; fileRef = BB8712C229A77F8C00A339B1 /* PetsListInteractor.swift */; };
		BB8712C529A7801700A339B1 /* PetsList.storyboard in Resources */ = {isa = PBXBuildFile; fileRef = BB8712C429A7801700A339B1 /* PetsList.storyboard */; };
		BB8712C729A7809500A339B1 /* PetsListViewController.swift in Sources */ = {isa = PBXBuildFile; fileRef = BB8712C629A7809500A339B1 /* PetsListViewController.swift */; };
		BB8712C929A784C400A339B1 /* PetsListRouter.swift in Sources */ = {isa = PBXBuildFile; fileRef = BB8712C829A784C400A339B1 /* PetsListRouter.swift */; };
		BB8712CD29A78FA600A339B1 /* PetCell.swift in Sources */ = {isa = PBXBuildFile; fileRef = BB8712CB29A78FA600A339B1 /* PetCell.swift */; };
		BB8712CE29A78FA600A339B1 /* PetCell.xib in Resources */ = {isa = PBXBuildFile; fileRef = BB8712CC29A78FA600A339B1 /* PetCell.xib */; };
		BBBA040629A4F1B200C3C912 /* AppDelegate.swift in Sources */ = {isa = PBXBuildFile; fileRef = BBBA040529A4F1B200C3C912 /* AppDelegate.swift */; };
		BBBA040829A4F1B200C3C912 /* SceneDelegate.swift in Sources */ = {isa = PBXBuildFile; fileRef = BBBA040729A4F1B200C3C912 /* SceneDelegate.swift */; };
		BBBA040A29A4F1B300C3C912 /* ViewController.swift in Sources */ = {isa = PBXBuildFile; fileRef = BBBA040929A4F1B300C3C912 /* ViewController.swift */; };
		BBBA040D29A4F1B300C3C912 /* Main.storyboard in Resources */ = {isa = PBXBuildFile; fileRef = BBBA040B29A4F1B300C3C912 /* Main.storyboard */; };
		BBBA040F29A4F1B500C3C912 /* Assets.xcassets in Resources */ = {isa = PBXBuildFile; fileRef = BBBA040E29A4F1B500C3C912 /* Assets.xcassets */; };
		BBBA041229A4F1B500C3C912 /* LaunchScreen.storyboard in Resources */ = {isa = PBXBuildFile; fileRef = BBBA041029A4F1B500C3C912 /* LaunchScreen.storyboard */; };
		BBBA041A29A4F37500C3C912 /* PetsFilterViewController.swift in Sources */ = {isa = PBXBuildFile; fileRef = BBBA041929A4F37500C3C912 /* PetsFilterViewController.swift */; };
		BBBA042929A5107E00C3C912 /* Constants.swift in Sources */ = {isa = PBXBuildFile; fileRef = BBBA042829A5107E00C3C912 /* Constants.swift */; };
		BBBA042C29A527CA00C3C912 /* NetworkManager.swift in Sources */ = {isa = PBXBuildFile; fileRef = BBBA042B29A527CA00C3C912 /* NetworkManager.swift */; };
		BBE402E029A6729300BD9779 /* TokenModel.swift in Sources */ = {isa = PBXBuildFile; fileRef = BBE402DF29A6729300BD9779 /* TokenModel.swift */; };
		BBE402E829A6735400BD9779 /* Animal.swift in Sources */ = {isa = PBXBuildFile; fileRef = BBE402E729A6735400BD9779 /* Animal.swift */; };
		BBE402EB29A6768A00BD9779 /* DependencyFactory.swift in Sources */ = {isa = PBXBuildFile; fileRef = BBE402EA29A6768A00BD9779 /* DependencyFactory.swift */; };
		BBE402ED29A6776F00BD9779 /* PetsFilterInteractor.swift in Sources */ = {isa = PBXBuildFile; fileRef = BBE402EC29A6776F00BD9779 /* PetsFilterInteractor.swift */; };
/* End PBXBuildFile section */

/* Begin PBXFileReference section */
		BB31A3F329A7A22B006FA3E4 /* AnimalViewModel.swift */ = {isa = PBXFileReference; lastKnownFileType = sourcecode.swift; path = AnimalViewModel.swift; sourceTree = "<group>"; };
		BB65BD7829A6053C0063C858 /* HomeScreen.storyboard */ = {isa = PBXFileReference; lastKnownFileType = file.storyboard; path = HomeScreen.storyboard; sourceTree = "<group>"; };
		BB65BD7A29A620670063C858 /* Helpers.swift */ = {isa = PBXFileReference; lastKnownFileType = sourcecode.swift; path = Helpers.swift; sourceTree = "<group>"; };
		BB65BD7C29A659DF0063C858 /* PetsFilterPresenter.swift */ = {isa = PBXFileReference; lastKnownFileType = sourcecode.swift; path = PetsFilterPresenter.swift; sourceTree = "<group>"; };
		BB65BD7F29A65E2B0063C858 /* FilterCell.swift */ = {isa = PBXFileReference; lastKnownFileType = sourcecode.swift; path = FilterCell.swift; sourceTree = "<group>"; };
		BB65BD8029A65E2B0063C858 /* FilterCell.xib */ = {isa = PBXFileReference; lastKnownFileType = file.xib; path = FilterCell.xib; sourceTree = "<group>"; };
		BB8712C029A77F7B00A339B1 /* PetsListPresenter.swift */ = {isa = PBXFileReference; lastKnownFileType = sourcecode.swift; path = PetsListPresenter.swift; sourceTree = "<group>"; };
		BB8712C229A77F8C00A339B1 /* PetsListInteractor.swift */ = {isa = PBXFileReference; lastKnownFileType = sourcecode.swift; path = PetsListInteractor.swift; sourceTree = "<group>"; };
		BB8712C429A7801700A339B1 /* PetsList.storyboard */ = {isa = PBXFileReference; lastKnownFileType = file.storyboard; path = PetsList.storyboard; sourceTree = "<group>"; };
		BB8712C629A7809500A339B1 /* PetsListViewController.swift */ = {isa = PBXFileReference; lastKnownFileType = sourcecode.swift; path = PetsListViewController.swift; sourceTree = "<group>"; };
		BB8712C829A784C400A339B1 /* PetsListRouter.swift */ = {isa = PBXFileReference; lastKnownFileType = sourcecode.swift; path = PetsListRouter.swift; sourceTree = "<group>"; };
		BB8712CB29A78FA600A339B1 /* PetCell.swift */ = {isa = PBXFileReference; lastKnownFileType = sourcecode.swift; path = PetCell.swift; sourceTree = "<group>"; };
		BB8712CC29A78FA600A339B1 /* PetCell.xib */ = {isa = PBXFileReference; lastKnownFileType = file.xib; path = PetCell.xib; sourceTree = "<group>"; };
		BBBA040229A4F1B200C3C912 /* PetFinderProject.app */ = {isa = PBXFileReference; explicitFileType = wrapper.application; includeInIndex = 0; path = PetFinderProject.app; sourceTree = BUILT_PRODUCTS_DIR; };
		BBBA040529A4F1B200C3C912 /* AppDelegate.swift */ = {isa = PBXFileReference; lastKnownFileType = sourcecode.swift; path = AppDelegate.swift; sourceTree = "<group>"; };
		BBBA040729A4F1B200C3C912 /* SceneDelegate.swift */ = {isa = PBXFileReference; lastKnownFileType = sourcecode.swift; path = SceneDelegate.swift; sourceTree = "<group>"; };
		BBBA040929A4F1B300C3C912 /* ViewController.swift */ = {isa = PBXFileReference; lastKnownFileType = sourcecode.swift; path = ViewController.swift; sourceTree = "<group>"; };
		BBBA040C29A4F1B300C3C912 /* Base */ = {isa = PBXFileReference; lastKnownFileType = file.storyboard; name = Base; path = Base.lproj/Main.storyboard; sourceTree = "<group>"; };
		BBBA040E29A4F1B500C3C912 /* Assets.xcassets */ = {isa = PBXFileReference; lastKnownFileType = folder.assetcatalog; path = Assets.xcassets; sourceTree = "<group>"; };
		BBBA041129A4F1B500C3C912 /* Base */ = {isa = PBXFileReference; lastKnownFileType = file.storyboard; name = Base; path = Base.lproj/LaunchScreen.storyboard; sourceTree = "<group>"; };
		BBBA041329A4F1B500C3C912 /* Info.plist */ = {isa = PBXFileReference; lastKnownFileType = text.plist.xml; path = Info.plist; sourceTree = "<group>"; };
		BBBA041929A4F37500C3C912 /* PetsFilterViewController.swift */ = {isa = PBXFileReference; lastKnownFileType = sourcecode.swift; path = PetsFilterViewController.swift; sourceTree = "<group>"; };
		BBBA042829A5107E00C3C912 /* Constants.swift */ = {isa = PBXFileReference; lastKnownFileType = sourcecode.swift; path = Constants.swift; sourceTree = "<group>"; };
		BBBA042B29A527CA00C3C912 /* NetworkManager.swift */ = {isa = PBXFileReference; lastKnownFileType = sourcecode.swift; path = NetworkManager.swift; sourceTree = "<group>"; };
		BBE402DF29A6729300BD9779 /* TokenModel.swift */ = {isa = PBXFileReference; lastKnownFileType = sourcecode.swift; path = TokenModel.swift; sourceTree = "<group>"; };
		BBE402E729A6735400BD9779 /* Animal.swift */ = {isa = PBXFileReference; lastKnownFileType = sourcecode.swift; path = Animal.swift; sourceTree = "<group>"; };
		BBE402EA29A6768A00BD9779 /* DependencyFactory.swift */ = {isa = PBXFileReference; lastKnownFileType = sourcecode.swift; path = DependencyFactory.swift; sourceTree = "<group>"; };
		BBE402EC29A6776F00BD9779 /* PetsFilterInteractor.swift */ = {isa = PBXFileReference; lastKnownFileType = sourcecode.swift; path = PetsFilterInteractor.swift; sourceTree = "<group>"; };
		BC40CD332ED51B5E9742E033 /* Pods_PetFinderProject.framework */ = {isa = PBXFileReference; explicitFileType = wrapper.framework; includeInIndex = 0; path = Pods_PetFinderProject.framework; sourceTree = BUILT_PRODUCTS_DIR; };
		BE1CE713725AA842C7D69B91 /* Pods-PetFinderProject.debug.xcconfig */ = {isa = PBXFileReference; includeInIndex = 1; lastKnownFileType = text.xcconfig; name = "Pods-PetFinderProject.debug.xcconfig"; path = "Target Support Files/Pods-PetFinderProject/Pods-PetFinderProject.debug.xcconfig"; sourceTree = "<group>"; };
		DC60C6F8CFF8917571A6541C /* Pods-PetFinderProject.release.xcconfig */ = {isa = PBXFileReference; includeInIndex = 1; lastKnownFileType = text.xcconfig; name = "Pods-PetFinderProject.release.xcconfig"; path = "Target Support Files/Pods-PetFinderProject/Pods-PetFinderProject.release.xcconfig"; sourceTree = "<group>"; };
/* End PBXFileReference section */

/* Begin PBXFrameworksBuildPhase section */
		BBBA03FF29A4F1B200C3C912 /* Frameworks */ = {
			isa = PBXFrameworksBuildPhase;
			buildActionMask = 2147483647;
			files = (
				8CCCDBD22ED37235303BE79E /* Pods_PetFinderProject.framework in Frameworks */,
			);
			runOnlyForDeploymentPostprocessing = 0;
		};
/* End PBXFrameworksBuildPhase section */

/* Begin PBXGroup section */
		3AF6CE704383976B6066776D /* Pods */ = {
			isa = PBXGroup;
			children = (
				BE1CE713725AA842C7D69B91 /* Pods-PetFinderProject.debug.xcconfig */,
				DC60C6F8CFF8917571A6541C /* Pods-PetFinderProject.release.xcconfig */,
			);
			path = Pods;
			sourceTree = "<group>";
		};
		BB65BD7E29A65E070063C858 /* FilterCell */ = {
			isa = PBXGroup;
			children = (
				BB65BD7F29A65E2B0063C858 /* FilterCell.swift */,
				BB65BD8029A65E2B0063C858 /* FilterCell.xib */,
			);
			path = FilterCell;
			sourceTree = "<group>";
		};
		BB8712CA29A78F7D00A339B1 /* PetCell */ = {
			isa = PBXGroup;
			children = (
				BB8712CB29A78FA600A339B1 /* PetCell.swift */,
				BB8712CC29A78FA600A339B1 /* PetCell.xib */,
			);
			path = PetCell;
			sourceTree = "<group>";
		};
		BBBA03F929A4F1B200C3C912 = {
			isa = PBXGroup;
			children = (
				BBBA040429A4F1B200C3C912 /* PetFinderProject */,
				BBBA040329A4F1B200C3C912 /* Products */,
				3AF6CE704383976B6066776D /* Pods */,
				C2E0D68919DCACE8F09AB2E3 /* Frameworks */,
			);
			sourceTree = "<group>";
		};
		BBBA040329A4F1B200C3C912 /* Products */ = {
			isa = PBXGroup;
			children = (
				BBBA040229A4F1B200C3C912 /* PetFinderProject.app */,
			);
			name = Products;
			sourceTree = "<group>";
		};
		BBBA040429A4F1B200C3C912 /* PetFinderProject */ = {
			isa = PBXGroup;
			children = (
				BBE402E929A6766E00BD9779 /* Utilities */,
				BBBA042A29A527AF00C3C912 /* Managers */,
				BBBA040529A4F1B200C3C912 /* AppDelegate.swift */,
				BBBA040729A4F1B200C3C912 /* SceneDelegate.swift */,
				BBBA040929A4F1B300C3C912 /* ViewController.swift */,
				BBBA041B29A4F6A000C3C912 /* Modules */,
				BBBA042229A4F8AC00C3C912 /* CustomViews */,
				BBBA040B29A4F1B300C3C912 /* Main.storyboard */,
				BBBA040E29A4F1B500C3C912 /* Assets.xcassets */,
				BBBA041029A4F1B500C3C912 /* LaunchScreen.storyboard */,
				BBBA041329A4F1B500C3C912 /* Info.plist */,
				BBBA042829A5107E00C3C912 /* Constants.swift */,
				BB65BD7A29A620670063C858 /* Helpers.swift */,
			);
			path = PetFinderProject;
			sourceTree = "<group>";
		};
		BBBA041B29A4F6A000C3C912 /* Modules */ = {
			isa = PBXGroup;
			children = (
				BBBA041C29A4F6B200C3C912 /* PetsFilter */,
				BBE402E129A672E800BD9779 /* PetsList */,
			);
			path = Modules;
			sourceTree = "<group>";
		};
		BBBA041C29A4F6B200C3C912 /* PetsFilter */ = {
			isa = PBXGroup;
			children = (
				BBBA041D29A4F6BD00C3C912 /* View */,
				BBBA041F29A4F74D00C3C912 /* Presenter */,
				BBBA042129A4F76400C3C912 /* Router */,
				BBBA041E29A4F74100C3C912 /* Interactor */,
				BBBA042029A4F75B00C3C912 /* Entitiy */,
			);
			path = PetsFilter;
			sourceTree = "<group>";
		};
		BBBA041D29A4F6BD00C3C912 /* View */ = {
			isa = PBXGroup;
			children = (
				BBBA041929A4F37500C3C912 /* PetsFilterViewController.swift */,
				BB65BD7829A6053C0063C858 /* HomeScreen.storyboard */,
			);
			path = View;
			sourceTree = "<group>";
		};
		BBBA041E29A4F74100C3C912 /* Interactor */ = {
			isa = PBXGroup;
			children = (
				BBE402EC29A6776F00BD9779 /* PetsFilterInteractor.swift */,
			);
			path = Interactor;
			sourceTree = "<group>";
		};
		BBBA041F29A4F74D00C3C912 /* Presenter */ = {
			isa = PBXGroup;
			children = (
				BB65BD7C29A659DF0063C858 /* PetsFilterPresenter.swift */,
			);
			path = Presenter;
			sourceTree = "<group>";
		};
		BBBA042029A4F75B00C3C912 /* Entitiy */ = {
			isa = PBXGroup;
			children = (
			);
			path = Entitiy;
			sourceTree = "<group>";
		};
		BBBA042129A4F76400C3C912 /* Router */ = {
			isa = PBXGroup;
			children = (
			);
			path = Router;
			sourceTree = "<group>";
		};
		BBBA042229A4F8AC00C3C912 /* CustomViews */ = {
			isa = PBXGroup;
			children = (
				BB8712CA29A78F7D00A339B1 /* PetCell */,
				BB65BD7E29A65E070063C858 /* FilterCell */,
			);
			path = CustomViews;
			sourceTree = "<group>";
		};
		BBBA042A29A527AF00C3C912 /* Managers */ = {
			isa = PBXGroup;
			children = (
				BBBA042B29A527CA00C3C912 /* NetworkManager.swift */,
			);
			path = Managers;
			sourceTree = "<group>";
		};
		BBE402E129A672E800BD9779 /* PetsList */ = {
			isa = PBXGroup;
			children = (
				BBE402E229A672FE00BD9779 /* View */,
				BBE402E429A6730F00BD9779 /* Presenter */,
				BBE402E329A6730500BD9779 /* Interactor */,
				BBE402E529A6731600BD9779 /* Router */,
				BBE402E629A6731F00BD9779 /* Entity */,
			);
			path = PetsList;
			sourceTree = "<group>";
		};
		BBE402E229A672FE00BD9779 /* View */ = {
			isa = PBXGroup;
			children = (
				BB8712C429A7801700A339B1 /* PetsList.storyboard */,
				BB8712C629A7809500A339B1 /* PetsListViewController.swift */,
			);
			path = View;
			sourceTree = "<group>";
		};
		BBE402E329A6730500BD9779 /* Interactor */ = {
			isa = PBXGroup;
			children = (
				BB8712C229A77F8C00A339B1 /* PetsListInteractor.swift */,
			);
			path = Interactor;
			sourceTree = "<group>";
		};
		BBE402E429A6730F00BD9779 /* Presenter */ = {
			isa = PBXGroup;
			children = (
				BB8712C029A77F7B00A339B1 /* PetsListPresenter.swift */,
			);
			path = Presenter;
			sourceTree = "<group>";
		};
		BBE402E529A6731600BD9779 /* Router */ = {
			isa = PBXGroup;
			children = (
				BB8712C829A784C400A339B1 /* PetsListRouter.swift */,
			);
			path = Router;
			sourceTree = "<group>";
		};
		BBE402E629A6731F00BD9779 /* Entity */ = {
			isa = PBXGroup;
			children = (
				BBE402DF29A6729300BD9779 /* TokenModel.swift */,
				BBE402E729A6735400BD9779 /* Animal.swift */,
				BB31A3F329A7A22B006FA3E4 /* AnimalViewModel.swift */,
			);
			path = Entity;
			sourceTree = "<group>";
		};
		BBE402E929A6766E00BD9779 /* Utilities */ = {
			isa = PBXGroup;
			children = (
				BBE402EA29A6768A00BD9779 /* DependencyFactory.swift */,
			);
			path = Utilities;
			sourceTree = "<group>";
		};
		C2E0D68919DCACE8F09AB2E3 /* Frameworks */ = {
			isa = PBXGroup;
			children = (
				BC40CD332ED51B5E9742E033 /* Pods_PetFinderProject.framework */,
			);
			name = Frameworks;
			sourceTree = "<group>";
		};
/* End PBXGroup section */

/* Begin PBXNativeTarget section */
		BBBA040129A4F1B200C3C912 /* PetFinderProject */ = {
			isa = PBXNativeTarget;
			buildConfigurationList = BBBA041629A4F1B500C3C912 /* Build configuration list for PBXNativeTarget "PetFinderProject" */;
			buildPhases = (
				B447C257EE4BC3DC28658C48 /* [CP] Check Pods Manifest.lock */,
				BBBA03FE29A4F1B200C3C912 /* Sources */,
				BBBA03FF29A4F1B200C3C912 /* Frameworks */,
				BBBA040029A4F1B200C3C912 /* Resources */,
				E6DD89464BBA24CCC2EE0E1F /* [CP] Embed Pods Frameworks */,
			);
			buildRules = (
			);
			dependencies = (
			);
			name = PetFinderProject;
			productName = PetFinderProject;
			productReference = BBBA040229A4F1B200C3C912 /* PetFinderProject.app */;
			productType = "com.apple.product-type.application";
		};
/* End PBXNativeTarget section */

/* Begin PBXProject section */
		BBBA03FA29A4F1B200C3C912 /* Project object */ = {
			isa = PBXProject;
			attributes = {
				BuildIndependentTargetsInParallel = 1;
				LastSwiftUpdateCheck = 1420;
				LastUpgradeCheck = 1420;
				TargetAttributes = {
					BBBA040129A4F1B200C3C912 = {
						CreatedOnToolsVersion = 14.2;
					};
				};
			};
			buildConfigurationList = BBBA03FD29A4F1B200C3C912 /* Build configuration list for PBXProject "PetFinderProject" */;
			compatibilityVersion = "Xcode 14.0";
			developmentRegion = en;
			hasScannedForEncodings = 0;
			knownRegions = (
				en,
				Base,
			);
			mainGroup = BBBA03F929A4F1B200C3C912;
			productRefGroup = BBBA040329A4F1B200C3C912 /* Products */;
			projectDirPath = "";
			projectRoot = "";
			targets = (
				BBBA040129A4F1B200C3C912 /* PetFinderProject */,
			);
		};
/* End PBXProject section */

/* Begin PBXResourcesBuildPhase section */
		BBBA040029A4F1B200C3C912 /* Resources */ = {
			isa = PBXResourcesBuildPhase;
			buildActionMask = 2147483647;
			files = (
				BB8712CE29A78FA600A339B1 /* PetCell.xib in Resources */,
				BB8712C529A7801700A339B1 /* PetsList.storyboard in Resources */,
				BB65BD8229A65E2B0063C858 /* FilterCell.xib in Resources */,
				BB65BD7929A6053C0063C858 /* HomeScreen.storyboard in Resources */,
				BBBA041229A4F1B500C3C912 /* LaunchScreen.storyboard in Resources */,
				BBBA040F29A4F1B500C3C912 /* Assets.xcassets in Resources */,
				BBBA040D29A4F1B300C3C912 /* Main.storyboard in Resources */,
			);
			runOnlyForDeploymentPostprocessing = 0;
		};
/* End PBXResourcesBuildPhase section */

/* Begin PBXShellScriptBuildPhase section */
		B447C257EE4BC3DC28658C48 /* [CP] Check Pods Manifest.lock */ = {
			isa = PBXShellScriptBuildPhase;
			buildActionMask = 2147483647;
			files = (
			);
			inputFileListPaths = (
			);
			inputPaths = (
				"${PODS_PODFILE_DIR_PATH}/Podfile.lock",
				"${PODS_ROOT}/Manifest.lock",
			);
			name = "[CP] Check Pods Manifest.lock";
			outputFileListPaths = (
			);
			outputPaths = (
				"$(DERIVED_FILE_DIR)/Pods-PetFinderProject-checkManifestLockResult.txt",
			);
			runOnlyForDeploymentPostprocessing = 0;
			shellPath = /bin/sh;
			shellScript = "diff \"${PODS_PODFILE_DIR_PATH}/Podfile.lock\" \"${PODS_ROOT}/Manifest.lock\" > /dev/null\nif [ $? != 0 ] ; then\n    # print error to STDERR\n    echo \"error: The sandbox is not in sync with the Podfile.lock. Run 'pod install' or update your CocoaPods installation.\" >&2\n    exit 1\nfi\n# This output is used by Xcode 'outputs' to avoid re-running this script phase.\necho \"SUCCESS\" > \"${SCRIPT_OUTPUT_FILE_0}\"\n";
			showEnvVarsInLog = 0;
		};
		E6DD89464BBA24CCC2EE0E1F /* [CP] Embed Pods Frameworks */ = {
			isa = PBXShellScriptBuildPhase;
			buildActionMask = 2147483647;
			files = (
			);
			inputFileListPaths = (
				"${PODS_ROOT}/Target Support Files/Pods-PetFinderProject/Pods-PetFinderProject-frameworks-${CONFIGURATION}-input-files.xcfilelist",
			);
			name = "[CP] Embed Pods Frameworks";
			outputFileListPaths = (
				"${PODS_ROOT}/Target Support Files/Pods-PetFinderProject/Pods-PetFinderProject-frameworks-${CONFIGURATION}-output-files.xcfilelist",
			);
			runOnlyForDeploymentPostprocessing = 0;
			shellPath = /bin/sh;
			shellScript = "\"${PODS_ROOT}/Target Support Files/Pods-PetFinderProject/Pods-PetFinderProject-frameworks.sh\"\n";
			showEnvVarsInLog = 0;
		};
/* End PBXShellScriptBuildPhase section */

/* Begin PBXSourcesBuildPhase section */
		BBBA03FE29A4F1B200C3C912 /* Sources */ = {
			isa = PBXSourcesBuildPhase;
			buildActionMask = 2147483647;
			files = (
				BBBA040A29A4F1B300C3C912 /* ViewController.swift in Sources */,
				BBE402E029A6729300BD9779 /* TokenModel.swift in Sources */,
				BB8712C729A7809500A339B1 /* PetsListViewController.swift in Sources */,
				BB8712C129A77F7B00A339B1 /* PetsListPresenter.swift in Sources */,
				BBBA040629A4F1B200C3C912 /* AppDelegate.swift in Sources */,
				BBBA041A29A4F37500C3C912 /* PetsFilterViewController.swift in Sources */,
				BB65BD7B29A620670063C858 /* Helpers.swift in Sources */,
				BB8712C329A77F8C00A339B1 /* PetsListInteractor.swift in Sources */,
				BBE402E829A6735400BD9779 /* Animal.swift in Sources */,
				BBBA042C29A527CA00C3C912 /* NetworkManager.swift in Sources */,
				BB65BD7D29A659DF0063C858 /* PetsFilterPresenter.swift in Sources */,
				BBBA040829A4F1B200C3C912 /* SceneDelegate.swift in Sources */,
				BB8712CD29A78FA600A339B1 /* PetCell.swift in Sources */,
				BB65BD8129A65E2B0063C858 /* FilterCell.swift in Sources */,
				BBBA042929A5107E00C3C912 /* Constants.swift in Sources */,
				BBE402ED29A6776F00BD9779 /* PetsFilterInteractor.swift in Sources */,
				BB8712C929A784C400A339B1 /* PetsListRouter.swift in Sources */,
				BB31A3F429A7A22C006FA3E4 /* AnimalViewModel.swift in Sources */,
				BBE402EB29A6768A00BD9779 /* DependencyFactory.swift in Sources */,
			);
			runOnlyForDeploymentPostprocessing = 0;
		};
/* End PBXSourcesBuildPhase section */

/* Begin PBXVariantGroup section */
		BBBA040B29A4F1B300C3C912 /* Main.storyboard */ = {
			isa = PBXVariantGroup;
			children = (
				BBBA040C29A4F1B300C3C912 /* Base */,
			);
			name = Main.storyboard;
			sourceTree = "<group>";
		};
		BBBA041029A4F1B500C3C912 /* LaunchScreen.storyboard */ = {
			isa = PBXVariantGroup;
			children = (
				BBBA041129A4F1B500C3C912 /* Base */,
			);
			name = LaunchScreen.storyboard;
			sourceTree = "<group>";
		};
/* End PBXVariantGroup section */

/* Begin XCBuildConfiguration section */
		BBBA041429A4F1B500C3C912 /* Debug */ = {
			isa = XCBuildConfiguration;
			buildSettings = {
				ALWAYS_SEARCH_USER_PATHS = NO;
				CLANG_ANALYZER_NONNULL = YES;
				CLANG_ANALYZER_NUMBER_OBJECT_CONVERSION = YES_AGGRESSIVE;
				CLANG_CXX_LANGUAGE_STANDARD = "gnu++20";
				CLANG_ENABLE_MODULES = YES;
				CLANG_ENABLE_OBJC_ARC = YES;
				CLANG_ENABLE_OBJC_WEAK = YES;
				CLANG_WARN_BLOCK_CAPTURE_AUTORELEASING = YES;
				CLANG_WARN_BOOL_CONVERSION = YES;
				CLANG_WARN_COMMA = YES;
				CLANG_WARN_CONSTANT_CONVERSION = YES;
				CLANG_WARN_DEPRECATED_OBJC_IMPLEMENTATIONS = YES;
				CLANG_WARN_DIRECT_OBJC_ISA_USAGE = YES_ERROR;
				CLANG_WARN_DOCUMENTATION_COMMENTS = YES;
				CLANG_WARN_EMPTY_BODY = YES;
				CLANG_WARN_ENUM_CONVERSION = YES;
				CLANG_WARN_INFINITE_RECURSION = YES;
				CLANG_WARN_INT_CONVERSION = YES;
				CLANG_WARN_NON_LITERAL_NULL_CONVERSION = YES;
				CLANG_WARN_OBJC_IMPLICIT_RETAIN_SELF = YES;
				CLANG_WARN_OBJC_LITERAL_CONVERSION = YES;
				CLANG_WARN_OBJC_ROOT_CLASS = YES_ERROR;
				CLANG_WARN_QUOTED_INCLUDE_IN_FRAMEWORK_HEADER = YES;
				CLANG_WARN_RANGE_LOOP_ANALYSIS = YES;
				CLANG_WARN_STRICT_PROTOTYPES = YES;
				CLANG_WARN_SUSPICIOUS_MOVE = YES;
				CLANG_WARN_UNGUARDED_AVAILABILITY = YES_AGGRESSIVE;
				CLANG_WARN_UNREACHABLE_CODE = YES;
				CLANG_WARN__DUPLICATE_METHOD_MATCH = YES;
				COPY_PHASE_STRIP = NO;
				DEBUG_INFORMATION_FORMAT = dwarf;
				ENABLE_STRICT_OBJC_MSGSEND = YES;
				ENABLE_TESTABILITY = YES;
				GCC_C_LANGUAGE_STANDARD = gnu11;
				GCC_DYNAMIC_NO_PIC = NO;
				GCC_NO_COMMON_BLOCKS = YES;
				GCC_OPTIMIZATION_LEVEL = 0;
				GCC_PREPROCESSOR_DEFINITIONS = (
					"DEBUG=1",
					"$(inherited)",
				);
				GCC_WARN_64_TO_32_BIT_CONVERSION = YES;
				GCC_WARN_ABOUT_RETURN_TYPE = YES_ERROR;
				GCC_WARN_UNDECLARED_SELECTOR = YES;
				GCC_WARN_UNINITIALIZED_AUTOS = YES_AGGRESSIVE;
				GCC_WARN_UNUSED_FUNCTION = YES;
				GCC_WARN_UNUSED_VARIABLE = YES;
				IPHONEOS_DEPLOYMENT_TARGET = 11.0;
				MTL_ENABLE_DEBUG_INFO = INCLUDE_SOURCE;
				MTL_FAST_MATH = YES;
				ONLY_ACTIVE_ARCH = YES;
				SDKROOT = iphoneos;
				SWIFT_ACTIVE_COMPILATION_CONDITIONS = DEBUG;
				SWIFT_OPTIMIZATION_LEVEL = "-Onone";
			};
			name = Debug;
		};
		BBBA041529A4F1B500C3C912 /* Release */ = {
			isa = XCBuildConfiguration;
			buildSettings = {
				ALWAYS_SEARCH_USER_PATHS = NO;
				CLANG_ANALYZER_NONNULL = YES;
				CLANG_ANALYZER_NUMBER_OBJECT_CONVERSION = YES_AGGRESSIVE;
				CLANG_CXX_LANGUAGE_STANDARD = "gnu++20";
				CLANG_ENABLE_MODULES = YES;
				CLANG_ENABLE_OBJC_ARC = YES;
				CLANG_ENABLE_OBJC_WEAK = YES;
				CLANG_WARN_BLOCK_CAPTURE_AUTORELEASING = YES;
				CLANG_WARN_BOOL_CONVERSION = YES;
				CLANG_WARN_COMMA = YES;
				CLANG_WARN_CONSTANT_CONVERSION = YES;
				CLANG_WARN_DEPRECATED_OBJC_IMPLEMENTATIONS = YES;
				CLANG_WARN_DIRECT_OBJC_ISA_USAGE = YES_ERROR;
				CLANG_WARN_DOCUMENTATION_COMMENTS = YES;
				CLANG_WARN_EMPTY_BODY = YES;
				CLANG_WARN_ENUM_CONVERSION = YES;
				CLANG_WARN_INFINITE_RECURSION = YES;
				CLANG_WARN_INT_CONVERSION = YES;
				CLANG_WARN_NON_LITERAL_NULL_CONVERSION = YES;
				CLANG_WARN_OBJC_IMPLICIT_RETAIN_SELF = YES;
				CLANG_WARN_OBJC_LITERAL_CONVERSION = YES;
				CLANG_WARN_OBJC_ROOT_CLASS = YES_ERROR;
				CLANG_WARN_QUOTED_INCLUDE_IN_FRAMEWORK_HEADER = YES;
				CLANG_WARN_RANGE_LOOP_ANALYSIS = YES;
				CLANG_WARN_STRICT_PROTOTYPES = YES;
				CLANG_WARN_SUSPICIOUS_MOVE = YES;
				CLANG_WARN_UNGUARDED_AVAILABILITY = YES_AGGRESSIVE;
				CLANG_WARN_UNREACHABLE_CODE = YES;
				CLANG_WARN__DUPLICATE_METHOD_MATCH = YES;
				COPY_PHASE_STRIP = NO;
				DEBUG_INFORMATION_FORMAT = "dwarf-with-dsym";
				ENABLE_NS_ASSERTIONS = NO;
				ENABLE_STRICT_OBJC_MSGSEND = YES;
				GCC_C_LANGUAGE_STANDARD = gnu11;
				GCC_NO_COMMON_BLOCKS = YES;
				GCC_WARN_64_TO_32_BIT_CONVERSION = YES;
				GCC_WARN_ABOUT_RETURN_TYPE = YES_ERROR;
				GCC_WARN_UNDECLARED_SELECTOR = YES;
				GCC_WARN_UNINITIALIZED_AUTOS = YES_AGGRESSIVE;
				GCC_WARN_UNUSED_FUNCTION = YES;
				GCC_WARN_UNUSED_VARIABLE = YES;
				IPHONEOS_DEPLOYMENT_TARGET = 11.0;
				MTL_ENABLE_DEBUG_INFO = NO;
				MTL_FAST_MATH = YES;
				SDKROOT = iphoneos;
				SWIFT_COMPILATION_MODE = wholemodule;
				SWIFT_OPTIMIZATION_LEVEL = "-O";
				VALIDATE_PRODUCT = YES;
			};
			name = Release;
		};
		BBBA041729A4F1B500C3C912 /* Debug */ = {
			isa = XCBuildConfiguration;
			baseConfigurationReference = BE1CE713725AA842C7D69B91 /* Pods-PetFinderProject.debug.xcconfig */;
			buildSettings = {
				ASSETCATALOG_COMPILER_APPICON_NAME = AppIcon;
				ASSETCATALOG_COMPILER_GLOBAL_ACCENT_COLOR_NAME = AccentColor;
				CODE_SIGN_STYLE = Automatic;
				CURRENT_PROJECT_VERSION = 1;
				DEVELOPMENT_TEAM = U54UF82N49;
				GENERATE_INFOPLIST_FILE = YES;
				INFOPLIST_FILE = PetFinderProject/Info.plist;
				INFOPLIST_KEY_UIApplicationSupportsIndirectInputEvents = YES;
				INFOPLIST_KEY_UILaunchStoryboardName = LaunchScreen;
				INFOPLIST_KEY_UIMainStoryboardFile = Main;
				INFOPLIST_KEY_UISupportedInterfaceOrientations_iPad = "UIInterfaceOrientationPortrait UIInterfaceOrientationPortraitUpsideDown UIInterfaceOrientationLandscapeLeft UIInterfaceOrientationLandscapeRight";
				INFOPLIST_KEY_UISupportedInterfaceOrientations_iPhone = "UIInterfaceOrientationPortrait UIInterfaceOrientationLandscapeLeft UIInterfaceOrientationLandscapeRight";
				IPHONEOS_DEPLOYMENT_TARGET = 11.0;
				LD_RUNPATH_SEARCH_PATHS = (
					"$(inherited)",
					"@executable_path/Frameworks",
				);
				MARKETING_VERSION = 1.0;
				PRODUCT_BUNDLE_IDENTIFIER = PhaseTwoProject.ios.PetFinderProject;
				PRODUCT_NAME = "$(TARGET_NAME)";
				SWIFT_EMIT_LOC_STRINGS = YES;
				SWIFT_VERSION = 5.0;
				TARGETED_DEVICE_FAMILY = "1,2";
			};
			name = Debug;
		};
		BBBA041829A4F1B500C3C912 /* Release */ = {
			isa = XCBuildConfiguration;
			baseConfigurationReference = DC60C6F8CFF8917571A6541C /* Pods-PetFinderProject.release.xcconfig */;
			buildSettings = {
				ASSETCATALOG_COMPILER_APPICON_NAME = AppIcon;
				ASSETCATALOG_COMPILER_GLOBAL_ACCENT_COLOR_NAME = AccentColor;
				CODE_SIGN_STYLE = Automatic;
				CURRENT_PROJECT_VERSION = 1;
				DEVELOPMENT_TEAM = U54UF82N49;
				GENERATE_INFOPLIST_FILE = YES;
				INFOPLIST_FILE = PetFinderProject/Info.plist;
				INFOPLIST_KEY_UIApplicationSupportsIndirectInputEvents = YES;
				INFOPLIST_KEY_UILaunchStoryboardName = LaunchScreen;
				INFOPLIST_KEY_UIMainStoryboardFile = Main;
				INFOPLIST_KEY_UISupportedInterfaceOrientations_iPad = "UIInterfaceOrientationPortrait UIInterfaceOrientationPortraitUpsideDown UIInterfaceOrientationLandscapeLeft UIInterfaceOrientationLandscapeRight";
				INFOPLIST_KEY_UISupportedInterfaceOrientations_iPhone = "UIInterfaceOrientationPortrait UIInterfaceOrientationLandscapeLeft UIInterfaceOrientationLandscapeRight";
				IPHONEOS_DEPLOYMENT_TARGET = 11.0;
				LD_RUNPATH_SEARCH_PATHS = (
					"$(inherited)",
					"@executable_path/Frameworks",
				);
				MARKETING_VERSION = 1.0;
				PRODUCT_BUNDLE_IDENTIFIER = PhaseTwoProject.ios.PetFinderProject;
				PRODUCT_NAME = "$(TARGET_NAME)";
				SWIFT_EMIT_LOC_STRINGS = YES;
				SWIFT_VERSION = 5.0;
				TARGETED_DEVICE_FAMILY = "1,2";
			};
			name = Release;
		};
/* End XCBuildConfiguration section */

/* Begin XCConfigurationList section */
		BBBA03FD29A4F1B200C3C912 /* Build configuration list for PBXProject "PetFinderProject" */ = {
			isa = XCConfigurationList;
			buildConfigurations = (
				BBBA041429A4F1B500C3C912 /* Debug */,
				BBBA041529A4F1B500C3C912 /* Release */,
			);
			defaultConfigurationIsVisible = 0;
			defaultConfigurationName = Release;
		};
		BBBA041629A4F1B500C3C912 /* Build configuration list for PBXNativeTarget "PetFinderProject" */ = {
			isa = XCConfigurationList;
			buildConfigurations = (
				BBBA041729A4F1B500C3C912 /* Debug */,
				BBBA041829A4F1B500C3C912 /* Release */,
			);
			defaultConfigurationIsVisible = 0;
			defaultConfigurationName = Release;
		};
/* End XCConfigurationList section */
	};
	rootObject = BBBA03FA29A4F1B200C3C912 /* Project object */;
}
