PODS:
  - Alamofire (5.6.4)
  - Gloss (3.2.1)
  - SDWebImage (5.15.4):
    - SDWebImage/Core (= 5.15.4)
  - SDWebImage/Core (5.15.4)

DEPENDENCIES:
  - Alamofire
  - Gloss (~> 3.2)
  - SDWebImage (~> 5.0)

SPEC REPOS:
  trunk:
    - Alamofire
    - Gloss
    - SDWebImage

SPEC CHECKSUMS:
  Alamofire: 4e95d97098eacb88856099c4fc79b526a299e48c
  Gloss: 2cda64dd31f12d8c7905273c7883c63ee92bfee3
  SDWebImage: 1c39de67663e5eebb2f41324d5d580eeea12dd4c

PODFILE CHECKSUM: 525e92152e689355312f6376776ab60d334d4c69

COCOAPODS: 1.11.3
